
Microsoft Visual Studio Solution File, Format Version 12.00
# Visual Studio Version 17
VisualStudioVersion = 17.8.34511.84
MinimumVisualStudioVersion = 10.0.40219.1
Project("{FAE04EC0-301F-11D3-BF4B-00C04F79EFBC}") = "To_Do_List_Project", "To_Do_List_Project\To_Do_List_Project.csproj", "{474DE6FF-B9DD-42B7-A7FF-2F6B3EE21317}"
EndProject
Global
	GlobalSection(SolutionConfigurationPlatforms) = preSolution
		Debug|Any CPU = Debug|Any CPU
		Release|Any CPU = Release|Any CPU
	EndGlobalSection
	GlobalSection(ProjectConfigurationPlatforms) = postSolution
		{474DE6FF-B9DD-42B7-A7FF-2F6B3EE21317}.Debug|Any CPU.ActiveCfg = Debug|Any CPU
		{474DE6FF-B9DD-42B7-A7FF-2F6B3EE21317}.Debug|Any CPU.Build.0 = Debug|Any CPU
		{474DE6FF-B9DD-42B7-A7FF-2F6B3EE21317}.Release|Any CPU.ActiveCfg = Release|Any CPU
		{474DE6FF-B9DD-42B7-A7FF-2F6B3EE21317}.Release|Any CPU.Build.0 = Release|Any CPU
	EndGlobalSection
	GlobalSection(SolutionProperties) = preSolution
		HideSolutionNode = FALSE
	EndGlobalSection
	GlobalSection(ExtensibilityGlobals) = postSolution
		SolutionGuid = {D52C0FB0-C2C2-41EA-AC4E-322EE6CC6324}
	EndGlobalSection
EndGlobal
